
Microsoft Visual Studio Solution File, Format Version 12.00
# Visual Studio Version 17
VisualStudioVersion = 17.9.34728.123
MinimumVisualStudioVersion = 10.0.40219.1
Project("{FAE04EC0-301F-11D3-BF4B-00C04F79EFBC}") = "Alonzo", "Alonzo\Alonzo.csproj", "{C0A6D82E-DE27-4C41-B3B7-87CF1250FB7D}"
EndProject
Global
	GlobalSection(SolutionConfigurationPlatforms) = preSolution
		Debug|Any CPU = Debug|Any CPU
		Release|Any CPU = Release|Any CPU
	EndGlobalSection
	GlobalSection(ProjectConfigurationPlatforms) = postSolution
		{C0A6D82E-DE27-4C41-B3B7-87CF1250FB7D}.Debug|Any CPU.ActiveCfg = Debug|Any CPU
		{C0A6D82E-DE27-4C41-B3B7-87CF1250FB7D}.Debug|Any CPU.Build.0 = Debug|Any CPU
		{C0A6D82E-DE27-4C41-B3B7-87CF1250FB7D}.Release|Any CPU.ActiveCfg = Release|Any CPU
		{C0A6D82E-DE27-4C41-B3B7-87CF1250FB7D}.Release|Any CPU.Build.0 = Release|Any CPU
	EndGlobalSection
	GlobalSection(SolutionProperties) = preSolution
		HideSolutionNode = FALSE
	EndGlobalSection
	GlobalSection(ExtensibilityGlobals) = postSolution
		SolutionGuid = {989574A1-CF92-48BB-821E-1A108210C8C4}
	EndGlobalSection
EndGlobal
